PODS:
  - AdPopcornSSP (2.9.0)
  - adpopcornssp_flutter (1.0.7):
    - AdPopcornSSP (= 2.9.0)
    - Flutter
  - Flutter (1.0.0)

DEPENDENCIES:
  - adpopcornssp_flutter (from `.symlinks/plugins/adpopcornssp_flutter/ios`)
  - Flutter (from `Flutter`)

SPEC REPOS:
  trunk:
    - AdPopcornSSP

EXTERNAL SOURCES:
  adpopcornssp_flutter:
    :path: ".symlinks/plugins/adpopcornssp_flutter/ios"
  Flutter:
    :path: Flutter

SPEC CHECKSUMS:
  AdPopcornSSP: 1a762cda1e43197f972f2d878b115bfab9e2bfff
  adpopcornssp_flutter: 2c50522928b309978382b4df1a3129d594a39c78
  Flutter: f04841e97a9d0b0a8025694d0796dd46242b2854

PODFILE CHECKSUM: 663715e941f9adb426e33bf9376914006f9ea95b

COCOAPODS: 1.16.2
