PODS:
  - adpopcornssp (1.0.0):
    - AdPopcornSSP (= 2.7.0)
    - Flutter
  - AdPopcornSSP (2.7.0)
  - Flutter (1.0.0)

DEPENDENCIES:
  - adpopcornssp (from `.symlinks/plugins/adpopcornssp/ios`)
  - Flutter (from `Flutter`)

SPEC REPOS:
  trunk:
    - AdPopcornSSP

EXTERNAL SOURCES:
  adpopcornssp:
    :path: ".symlinks/plugins/adpopcornssp/ios"
  Flutter:
    :path: Flutter

SPEC CHECKSUMS:
  AdPopcornSSP: 11bae717bc18544945f2273e99a390ed0052538e
  adpopcornssp: b319729d7f6392b3d595bac6877882c65aaa7c04
  Flutter: f04841e97a9d0b0a8025694d0796dd46242b2854

PODFILE CHECKSUM: 663715e941f9adb426e33bf9376914006f9ea95b

COCOAPODS: 1.15.2
