PODS:
  - AdPopcornSSP (2.8.5)
  - adpopcornssp_flutter (1.0.5):
    - AdPopcornSSP (= 2.8.5)
    - Flutter
  - Flutter (1.0.0)

DEPENDENCIES:
  - adpopcornssp_flutter (from `.symlinks/plugins/adpopcornssp_flutter/ios`)
  - Flutter (from `Flutter`)

SPEC REPOS:
  trunk:
    - AdPopcornSSP

EXTERNAL SOURCES:
  adpopcornssp_flutter:
    :path: ".symlinks/plugins/adpopcornssp_flutter/ios"
  Flutter:
    :path: Flutter

SPEC CHECKSUMS:
  AdPopcornSSP: 66c8aba499de22b8670a1add9d92dd8fd163c11e
  adpopcornssp_flutter: edaf05ab287547ce5fdb441bed79453e157b51ad
  Flutter: f04841e97a9d0b0a8025694d0796dd46242b2854

PODFILE CHECKSUM: 663715e941f9adb426e33bf9376914006f9ea95b

COCOAPODS: 1.15.2
